
Microsoft Visual Studio Solution File, Format Version 12.00
# Visual Studio 15
VisualStudioVersion = 15.0.27004.2005
MinimumVisualStudioVersion = 10.0.40219.1
Project("{FAE04EC0-301F-11D3-BF4B-00C04F79EFBC}") = "ContactCardApp", "ContactCard\ContactCardApp.csproj", "{DDA325FE-1FE7-4AB6-A624-0F4216180647}"
EndProject
Global
	GlobalSection(SolutionConfigurationPlatforms) = preSolution
		Debug|Any CPU = Debug|Any CPU
		Release|Any CPU = Release|Any CPU
	EndGlobalSection
	GlobalSection(ProjectConfigurationPlatforms) = postSolution
		{DDA325FE-1FE7-4AB6-A624-0F4216180647}.Debug|Any CPU.ActiveCfg = Debug|Any CPU
		{DDA325FE-1FE7-4AB6-A624-0F4216180647}.Debug|Any CPU.Build.0 = Debug|Any CPU
		{DDA325FE-1FE7-4AB6-A624-0F4216180647}.Release|Any CPU.ActiveCfg = Release|Any CPU
		{DDA325FE-1FE7-4AB6-A624-0F4216180647}.Release|Any CPU.Build.0 = Release|Any CPU
	EndGlobalSection
	GlobalSection(SolutionProperties) = preSolution
		HideSolutionNode = FALSE
	EndGlobalSection
	GlobalSection(ExtensibilityGlobals) = postSolution
		SolutionGuid = {0310049C-C742-4329-8F7F-5900626A45F1}
	EndGlobalSection
EndGlobal
