
Microsoft Visual Studio Solution File, Format Version 12.00
# Visual Studio 15
VisualStudioVersion = 15.0.26730.12
MinimumVisualStudioVersion = 10.0.40219.1
Project("{FAE04EC0-301F-11D3-BF4B-00C04F79EFBC}") = "Ex01-Counter", "Ex01-Counter\Ex01-Counter.csproj", "{A404F1F4-CD00-4380-8F19-F55FC3D1CC87}"
EndProject
Global
	GlobalSection(SolutionConfigurationPlatforms) = preSolution
		Debug|Any CPU = Debug|Any CPU
		Release|Any CPU = Release|Any CPU
	EndGlobalSection
	GlobalSection(ProjectConfigurationPlatforms) = postSolution
		{A404F1F4-CD00-4380-8F19-F55FC3D1CC87}.Debug|Any CPU.ActiveCfg = Debug|Any CPU
		{A404F1F4-CD00-4380-8F19-F55FC3D1CC87}.Debug|Any CPU.Build.0 = Debug|Any CPU
		{A404F1F4-CD00-4380-8F19-F55FC3D1CC87}.Release|Any CPU.ActiveCfg = Release|Any CPU
		{A404F1F4-CD00-4380-8F19-F55FC3D1CC87}.Release|Any CPU.Build.0 = Release|Any CPU
	EndGlobalSection
	GlobalSection(SolutionProperties) = preSolution
		HideSolutionNode = FALSE
	EndGlobalSection
	GlobalSection(ExtensibilityGlobals) = postSolution
		SolutionGuid = {DB41048A-5F3D-4B5D-AB6C-44E1F37F6BD2}
	EndGlobalSection
EndGlobal
