
Microsoft Visual Studio Solution File, Format Version 12.00
# Visual Studio 15
VisualStudioVersion = 15.0.26730.12
MinimumVisualStudioVersion = 10.0.40219.1
Project("{FAE04EC0-301F-11D3-BF4B-00C04F79EFBC}") = "WriteSingleLine", "WriteSingleLine\WriteSingleLine.csproj", "{0BAE8E1E-A852-4481-BE3C-F9156B00600A}"
EndProject
Global
	GlobalSection(SolutionConfigurationPlatforms) = preSolution
		Debug|Any CPU = Debug|Any CPU
		Release|Any CPU = Release|Any CPU
	EndGlobalSection
	GlobalSection(ProjectConfigurationPlatforms) = postSolution
		{0BAE8E1E-A852-4481-BE3C-F9156B00600A}.Debug|Any CPU.ActiveCfg = Debug|Any CPU
		{0BAE8E1E-A852-4481-BE3C-F9156B00600A}.Debug|Any CPU.Build.0 = Debug|Any CPU
		{0BAE8E1E-A852-4481-BE3C-F9156B00600A}.Release|Any CPU.ActiveCfg = Release|Any CPU
		{0BAE8E1E-A852-4481-BE3C-F9156B00600A}.Release|Any CPU.Build.0 = Release|Any CPU
	EndGlobalSection
	GlobalSection(SolutionProperties) = preSolution
		HideSolutionNode = FALSE
	EndGlobalSection
	GlobalSection(ExtensibilityGlobals) = postSolution
		SolutionGuid = {3AC451E4-2238-41D8-8D08-046EA5AD28C0}
	EndGlobalSection
EndGlobal
