
Microsoft Visual Studio Solution File, Format Version 12.00
# Visual Studio 15
VisualStudioVersion = 15.0.26730.12
MinimumVisualStudioVersion = 10.0.40219.1
Project("{FAE04EC0-301F-11D3-BF4B-00C04F79EFBC}") = "ex01_doubling", "ex01_doubling\ex01_doubling.csproj", "{719F3F2D-61EA-4A34-87C8-B1FC9AF94323}"
EndProject
Global
	GlobalSection(SolutionConfigurationPlatforms) = preSolution
		Debug|Any CPU = Debug|Any CPU
		Release|Any CPU = Release|Any CPU
	EndGlobalSection
	GlobalSection(ProjectConfigurationPlatforms) = postSolution
		{719F3F2D-61EA-4A34-87C8-B1FC9AF94323}.Debug|Any CPU.ActiveCfg = Debug|Any CPU
		{719F3F2D-61EA-4A34-87C8-B1FC9AF94323}.Debug|Any CPU.Build.0 = Debug|Any CPU
		{719F3F2D-61EA-4A34-87C8-B1FC9AF94323}.Release|Any CPU.ActiveCfg = Release|Any CPU
		{719F3F2D-61EA-4A34-87C8-B1FC9AF94323}.Release|Any CPU.Build.0 = Release|Any CPU
	EndGlobalSection
	GlobalSection(SolutionProperties) = preSolution
		HideSolutionNode = FALSE
	EndGlobalSection
	GlobalSection(ExtensibilityGlobals) = postSolution
		SolutionGuid = {9CF8D9CD-D6AF-403A-B28E-A8EA25133677}
	EndGlobalSection
EndGlobal
