
Microsoft Visual Studio Solution File, Format Version 12.00
# Visual Studio 15
VisualStudioVersion = 15.0.26730.12
MinimumVisualStudioVersion = 10.0.40219.1
Project("{FAE04EC0-301F-11D3-BF4B-00C04F79EFBC}") = "ReversedOrder", "ReversedOrder\ReversedOrder.csproj", "{2A6CDC88-1F8C-4B98-B946-56529866BF53}"
EndProject
Global
	GlobalSection(SolutionConfigurationPlatforms) = preSolution
		Debug|Any CPU = Debug|Any CPU
		Release|Any CPU = Release|Any CPU
	EndGlobalSection
	GlobalSection(ProjectConfigurationPlatforms) = postSolution
		{2A6CDC88-1F8C-4B98-B946-56529866BF53}.Debug|Any CPU.ActiveCfg = Debug|Any CPU
		{2A6CDC88-1F8C-4B98-B946-56529866BF53}.Debug|Any CPU.Build.0 = Debug|Any CPU
		{2A6CDC88-1F8C-4B98-B946-56529866BF53}.Release|Any CPU.ActiveCfg = Release|Any CPU
		{2A6CDC88-1F8C-4B98-B946-56529866BF53}.Release|Any CPU.Build.0 = Release|Any CPU
	EndGlobalSection
	GlobalSection(SolutionProperties) = preSolution
		HideSolutionNode = FALSE
	EndGlobalSection
	GlobalSection(ExtensibilityGlobals) = postSolution
		SolutionGuid = {9F42E7B3-C762-47C1-9366-F8F077251CF7}
	EndGlobalSection
EndGlobal
