
Microsoft Visual Studio Solution File, Format Version 12.00
# Visual Studio 15
VisualStudioVersion = 15.0.26730.12
MinimumVisualStudioVersion = 10.0.40219.1
Project("{FAE04EC0-301F-11D3-BF4B-00C04F79EFBC}") = "Sum", "Sum\Sum.csproj", "{CD77DFDD-5480-40B8-B98C-91D2E268F3FD}"
EndProject
Project("{FAE04EC0-301F-11D3-BF4B-00C04F79EFBC}") = "SumTest", "SumTest\SumTest.csproj", "{E047647B-EF86-474B-90BC-75F861000F7A}"
EndProject
Global
	GlobalSection(SolutionConfigurationPlatforms) = preSolution
		Debug|Any CPU = Debug|Any CPU
		Release|Any CPU = Release|Any CPU
	EndGlobalSection
	GlobalSection(ProjectConfigurationPlatforms) = postSolution
		{CD77DFDD-5480-40B8-B98C-91D2E268F3FD}.Debug|Any CPU.ActiveCfg = Debug|Any CPU
		{CD77DFDD-5480-40B8-B98C-91D2E268F3FD}.Debug|Any CPU.Build.0 = Debug|Any CPU
		{CD77DFDD-5480-40B8-B98C-91D2E268F3FD}.Release|Any CPU.ActiveCfg = Release|Any CPU
		{CD77DFDD-5480-40B8-B98C-91D2E268F3FD}.Release|Any CPU.Build.0 = Release|Any CPU
		{E047647B-EF86-474B-90BC-75F861000F7A}.Debug|Any CPU.ActiveCfg = Debug|Any CPU
		{E047647B-EF86-474B-90BC-75F861000F7A}.Debug|Any CPU.Build.0 = Debug|Any CPU
		{E047647B-EF86-474B-90BC-75F861000F7A}.Release|Any CPU.ActiveCfg = Release|Any CPU
		{E047647B-EF86-474B-90BC-75F861000F7A}.Release|Any CPU.Build.0 = Release|Any CPU
	EndGlobalSection
	GlobalSection(SolutionProperties) = preSolution
		HideSolutionNode = FALSE
	EndGlobalSection
	GlobalSection(ExtensibilityGlobals) = postSolution
		SolutionGuid = {55F04A62-4FCB-4642-A22C-8B1AE9ACB5C7}
	EndGlobalSection
EndGlobal
