
Microsoft Visual Studio Solution File, Format Version 12.00
# Visual Studio 15
VisualStudioVersion = 15.0.26730.12
MinimumVisualStudioVersion = 10.0.40219.1
Project("{FAE04EC0-301F-11D3-BF4B-00C04F79EFBC}") = "Doubled", "Doubled\Doubled.csproj", "{27AD4BB8-CC5F-4834-8A53-B482C8BDFA33}"
EndProject
Global
	GlobalSection(SolutionConfigurationPlatforms) = preSolution
		Debug|Any CPU = Debug|Any CPU
		Release|Any CPU = Release|Any CPU
	EndGlobalSection
	GlobalSection(ProjectConfigurationPlatforms) = postSolution
		{27AD4BB8-CC5F-4834-8A53-B482C8BDFA33}.Debug|Any CPU.ActiveCfg = Debug|Any CPU
		{27AD4BB8-CC5F-4834-8A53-B482C8BDFA33}.Debug|Any CPU.Build.0 = Debug|Any CPU
		{27AD4BB8-CC5F-4834-8A53-B482C8BDFA33}.Release|Any CPU.ActiveCfg = Release|Any CPU
		{27AD4BB8-CC5F-4834-8A53-B482C8BDFA33}.Release|Any CPU.Build.0 = Release|Any CPU
	EndGlobalSection
	GlobalSection(SolutionProperties) = preSolution
		HideSolutionNode = FALSE
	EndGlobalSection
	GlobalSection(ExtensibilityGlobals) = postSolution
		SolutionGuid = {7A11D067-5948-45FD-B975-24AED016D8A9}
	EndGlobalSection
EndGlobal
