
Microsoft Visual Studio Solution File, Format Version 12.00
# Visual Studio 15
VisualStudioVersion = 15.0.26730.12
MinimumVisualStudioVersion = 10.0.40219.1
Project("{FAE04EC0-301F-11D3-BF4B-00C04F79EFBC}") = "Ex9-CenterBoxFunction", "Ex9-CenterBoxFunction\Ex9-CenterBoxFunction.csproj", "{94096BC7-B61C-4862-B975-8BDC219D2EC2}"
EndProject
Global
	GlobalSection(SolutionConfigurationPlatforms) = preSolution
		Debug|Any CPU = Debug|Any CPU
		Release|Any CPU = Release|Any CPU
	EndGlobalSection
	GlobalSection(ProjectConfigurationPlatforms) = postSolution
		{94096BC7-B61C-4862-B975-8BDC219D2EC2}.Debug|Any CPU.ActiveCfg = Debug|Any CPU
		{94096BC7-B61C-4862-B975-8BDC219D2EC2}.Debug|Any CPU.Build.0 = Debug|Any CPU
		{94096BC7-B61C-4862-B975-8BDC219D2EC2}.Release|Any CPU.ActiveCfg = Release|Any CPU
		{94096BC7-B61C-4862-B975-8BDC219D2EC2}.Release|Any CPU.Build.0 = Release|Any CPU
	EndGlobalSection
	GlobalSection(SolutionProperties) = preSolution
		HideSolutionNode = FALSE
	EndGlobalSection
	GlobalSection(ExtensibilityGlobals) = postSolution
		SolutionGuid = {D3436912-D9DE-4036-B722-9EFDF85442DC}
	EndGlobalSection
EndGlobal
