
Microsoft Visual Studio Solution File, Format Version 12.00
# Visual Studio 15
VisualStudioVersion = 15.0.26730.12
MinimumVisualStudioVersion = 10.0.40219.1
Project("{FAE04EC0-301F-11D3-BF4B-00C04F79EFBC}") = "ex25-MultiplicationTable", "ex25-MultiplicationTable\ex25-MultiplicationTable.csproj", "{1B643732-208C-4194-B852-329FE8801B18}"
EndProject
Global
	GlobalSection(SolutionConfigurationPlatforms) = preSolution
		Debug|Any CPU = Debug|Any CPU
		Release|Any CPU = Release|Any CPU
	EndGlobalSection
	GlobalSection(ProjectConfigurationPlatforms) = postSolution
		{1B643732-208C-4194-B852-329FE8801B18}.Debug|Any CPU.ActiveCfg = Debug|Any CPU
		{1B643732-208C-4194-B852-329FE8801B18}.Debug|Any CPU.Build.0 = Debug|Any CPU
		{1B643732-208C-4194-B852-329FE8801B18}.Release|Any CPU.ActiveCfg = Release|Any CPU
		{1B643732-208C-4194-B852-329FE8801B18}.Release|Any CPU.Build.0 = Release|Any CPU
	EndGlobalSection
	GlobalSection(SolutionProperties) = preSolution
		HideSolutionNode = FALSE
	EndGlobalSection
	GlobalSection(ExtensibilityGlobals) = postSolution
		SolutionGuid = {C9AA1339-DF6E-4B08-BB68-057AA0EE2C53}
	EndGlobalSection
EndGlobal
