
Microsoft Visual Studio Solution File, Format Version 12.00
# Visual Studio 15
VisualStudioVersion = 15.0.26730.12
MinimumVisualStudioVersion = 10.0.40219.1
Project("{FAE04EC0-301F-11D3-BF4B-00C04F79EFBC}") = "ex30-DrawDiamond", "ex30-DrawDiamond\ex30-DrawDiamond.csproj", "{A35F7A55-E855-4880-9FED-9DC27BBC22AB}"
EndProject
Global
	GlobalSection(SolutionConfigurationPlatforms) = preSolution
		Debug|Any CPU = Debug|Any CPU
		Release|Any CPU = Release|Any CPU
	EndGlobalSection
	GlobalSection(ProjectConfigurationPlatforms) = postSolution
		{A35F7A55-E855-4880-9FED-9DC27BBC22AB}.Debug|Any CPU.ActiveCfg = Debug|Any CPU
		{A35F7A55-E855-4880-9FED-9DC27BBC22AB}.Debug|Any CPU.Build.0 = Debug|Any CPU
		{A35F7A55-E855-4880-9FED-9DC27BBC22AB}.Release|Any CPU.ActiveCfg = Release|Any CPU
		{A35F7A55-E855-4880-9FED-9DC27BBC22AB}.Release|Any CPU.Build.0 = Release|Any CPU
	EndGlobalSection
	GlobalSection(SolutionProperties) = preSolution
		HideSolutionNode = FALSE
	EndGlobalSection
	GlobalSection(ExtensibilityGlobals) = postSolution
		SolutionGuid = {33482021-D9DD-4E22-A134-81E32D17179F}
	EndGlobalSection
EndGlobal
