
Microsoft Visual Studio Solution File, Format Version 12.00
# Visual Studio 15
VisualStudioVersion = 15.0.26730.12
MinimumVisualStudioVersion = 10.0.40219.1
Project("{FAE04EC0-301F-11D3-BF4B-00C04F79EFBC}") = "Ex7-FourRectangles", "Ex7-FourRectangles\Ex7-FourRectangles.csproj", "{B5D5441B-363F-42E3-B774-72D3DE7DC5FC}"
EndProject
Global
	GlobalSection(SolutionConfigurationPlatforms) = preSolution
		Debug|Any CPU = Debug|Any CPU
		Release|Any CPU = Release|Any CPU
	EndGlobalSection
	GlobalSection(ProjectConfigurationPlatforms) = postSolution
		{B5D5441B-363F-42E3-B774-72D3DE7DC5FC}.Debug|Any CPU.ActiveCfg = Debug|Any CPU
		{B5D5441B-363F-42E3-B774-72D3DE7DC5FC}.Debug|Any CPU.Build.0 = Debug|Any CPU
		{B5D5441B-363F-42E3-B774-72D3DE7DC5FC}.Release|Any CPU.ActiveCfg = Release|Any CPU
		{B5D5441B-363F-42E3-B774-72D3DE7DC5FC}.Release|Any CPU.Build.0 = Release|Any CPU
	EndGlobalSection
	GlobalSection(SolutionProperties) = preSolution
		HideSolutionNode = FALSE
	EndGlobalSection
	GlobalSection(ExtensibilityGlobals) = postSolution
		SolutionGuid = {C068A8FD-311E-4E7C-AA0A-C12AD07A43FA}
	EndGlobalSection
EndGlobal
