
Microsoft Visual Studio Solution File, Format Version 12.00
# Visual Studio 15
VisualStudioVersion = 15.0.26730.12
MinimumVisualStudioVersion = 10.0.40219.1
Project("{FAE04EC0-301F-11D3-BF4B-00C04F79EFBC}") = "RecurseDecToBinConverter", "RecurseDecToBinConverter\RecurseDecToBinConverter.csproj", "{637D6439-AA02-44F9-B2A2-348782C52322}"
EndProject
Global
	GlobalSection(SolutionConfigurationPlatforms) = preSolution
		Debug|Any CPU = Debug|Any CPU
		Release|Any CPU = Release|Any CPU
	EndGlobalSection
	GlobalSection(ProjectConfigurationPlatforms) = postSolution
		{637D6439-AA02-44F9-B2A2-348782C52322}.Debug|Any CPU.ActiveCfg = Debug|Any CPU
		{637D6439-AA02-44F9-B2A2-348782C52322}.Debug|Any CPU.Build.0 = Debug|Any CPU
		{637D6439-AA02-44F9-B2A2-348782C52322}.Release|Any CPU.ActiveCfg = Release|Any CPU
		{637D6439-AA02-44F9-B2A2-348782C52322}.Release|Any CPU.Build.0 = Release|Any CPU
	EndGlobalSection
	GlobalSection(SolutionProperties) = preSolution
		HideSolutionNode = FALSE
	EndGlobalSection
	GlobalSection(ExtensibilityGlobals) = postSolution
		SolutionGuid = {3A6C133A-9AA8-4E08-A594-4048A8AE9B5D}
	EndGlobalSection
EndGlobal
