
Microsoft Visual Studio Solution File, Format Version 12.00
# Visual Studio 15
VisualStudioVersion = 15.0.26730.12
MinimumVisualStudioVersion = 10.0.40219.1
Project("{FAE04EC0-301F-11D3-BF4B-00C04F79EFBC}") = "party-indicator_ex21", "party-indicator_ex21\party-indicator_ex21.csproj", "{D74E73E8-2B89-4BDA-98F3-C1C736310C15}"
EndProject
Global
	GlobalSection(SolutionConfigurationPlatforms) = preSolution
		Debug|Any CPU = Debug|Any CPU
		Release|Any CPU = Release|Any CPU
	EndGlobalSection
	GlobalSection(ProjectConfigurationPlatforms) = postSolution
		{D74E73E8-2B89-4BDA-98F3-C1C736310C15}.Debug|Any CPU.ActiveCfg = Debug|Any CPU
		{D74E73E8-2B89-4BDA-98F3-C1C736310C15}.Debug|Any CPU.Build.0 = Debug|Any CPU
		{D74E73E8-2B89-4BDA-98F3-C1C736310C15}.Release|Any CPU.ActiveCfg = Release|Any CPU
		{D74E73E8-2B89-4BDA-98F3-C1C736310C15}.Release|Any CPU.Build.0 = Release|Any CPU
	EndGlobalSection
	GlobalSection(SolutionProperties) = preSolution
		HideSolutionNode = FALSE
	EndGlobalSection
	GlobalSection(ExtensibilityGlobals) = postSolution
		SolutionGuid = {82F2D50D-DCE3-4239-8366-F53472D8BBD9}
	EndGlobalSection
EndGlobal
