
Microsoft Visual Studio Solution File, Format Version 12.00
# Visual Studio 15
VisualStudioVersion = 15.0.26730.12
MinimumVisualStudioVersion = 10.0.40219.1
Project("{FAE04EC0-301F-11D3-BF4B-00C04F79EFBC}") = "Fibonacci", "Fibonacci\Fibonacci.csproj", "{B71ADABB-3577-4070-98DB-475F2B6C82F2}"
EndProject
Project("{FAE04EC0-301F-11D3-BF4B-00C04F79EFBC}") = "FibonacciTest", "FibonacciTest\FibonacciTest.csproj", "{20507943-C10F-4A78-A55B-3D1B471EB4D6}"
EndProject
Global
	GlobalSection(SolutionConfigurationPlatforms) = preSolution
		Debug|Any CPU = Debug|Any CPU
		Release|Any CPU = Release|Any CPU
	EndGlobalSection
	GlobalSection(ProjectConfigurationPlatforms) = postSolution
		{B71ADABB-3577-4070-98DB-475F2B6C82F2}.Debug|Any CPU.ActiveCfg = Debug|Any CPU
		{B71ADABB-3577-4070-98DB-475F2B6C82F2}.Debug|Any CPU.Build.0 = Debug|Any CPU
		{B71ADABB-3577-4070-98DB-475F2B6C82F2}.Release|Any CPU.ActiveCfg = Release|Any CPU
		{B71ADABB-3577-4070-98DB-475F2B6C82F2}.Release|Any CPU.Build.0 = Release|Any CPU
		{20507943-C10F-4A78-A55B-3D1B471EB4D6}.Debug|Any CPU.ActiveCfg = Debug|Any CPU
		{20507943-C10F-4A78-A55B-3D1B471EB4D6}.Debug|Any CPU.Build.0 = Debug|Any CPU
		{20507943-C10F-4A78-A55B-3D1B471EB4D6}.Release|Any CPU.ActiveCfg = Release|Any CPU
		{20507943-C10F-4A78-A55B-3D1B471EB4D6}.Release|Any CPU.Build.0 = Release|Any CPU
	EndGlobalSection
	GlobalSection(SolutionProperties) = preSolution
		HideSolutionNode = FALSE
	EndGlobalSection
	GlobalSection(ExtensibilityGlobals) = postSolution
		SolutionGuid = {DE235288-05B9-48B9-B829-E4E00EA32868}
	EndGlobalSection
EndGlobal
