
Microsoft Visual Studio Solution File, Format Version 12.00
# Visual Studio 15
VisualStudioVersion = 15.0.26730.12
MinimumVisualStudioVersion = 10.0.40219.1
Project("{FAE04EC0-301F-11D3-BF4B-00C04F79EFBC}") = "Extension", "Extension\Extension.csproj", "{17784AC3-4528-4516-B507-BA2D13912262}"
EndProject
Project("{FAE04EC0-301F-11D3-BF4B-00C04F79EFBC}") = "ExtensionTests", "ExtensionTests\ExtensionTests.csproj", "{7D42E473-5909-4972-85AB-0124D38ADBF8}"
EndProject
Global
	GlobalSection(SolutionConfigurationPlatforms) = preSolution
		Debug|Any CPU = Debug|Any CPU
		Release|Any CPU = Release|Any CPU
	EndGlobalSection
	GlobalSection(ProjectConfigurationPlatforms) = postSolution
		{17784AC3-4528-4516-B507-BA2D13912262}.Debug|Any CPU.ActiveCfg = Debug|Any CPU
		{17784AC3-4528-4516-B507-BA2D13912262}.Debug|Any CPU.Build.0 = Debug|Any CPU
		{17784AC3-4528-4516-B507-BA2D13912262}.Release|Any CPU.ActiveCfg = Release|Any CPU
		{17784AC3-4528-4516-B507-BA2D13912262}.Release|Any CPU.Build.0 = Release|Any CPU
		{7D42E473-5909-4972-85AB-0124D38ADBF8}.Debug|Any CPU.ActiveCfg = Debug|Any CPU
		{7D42E473-5909-4972-85AB-0124D38ADBF8}.Debug|Any CPU.Build.0 = Debug|Any CPU
		{7D42E473-5909-4972-85AB-0124D38ADBF8}.Release|Any CPU.ActiveCfg = Release|Any CPU
		{7D42E473-5909-4972-85AB-0124D38ADBF8}.Release|Any CPU.Build.0 = Release|Any CPU
	EndGlobalSection
	GlobalSection(SolutionProperties) = preSolution
		HideSolutionNode = FALSE
	EndGlobalSection
	GlobalSection(ExtensibilityGlobals) = postSolution
		SolutionGuid = {54DF6741-ABC7-406E-8451-112F213E4337}
	EndGlobalSection
EndGlobal
