
Microsoft Visual Studio Solution File, Format Version 12.00
# Visual Studio 15
VisualStudioVersion = 15.0.26730.12
MinimumVisualStudioVersion = 10.0.40219.1
Project("{FAE04EC0-301F-11D3-BF4B-00C04F79EFBC}") = "Ex03-SumDigit", "Ex03-SumDigit\Ex03-SumDigit.csproj", "{FDA1753A-17A2-4CD0-9981-FDF05C2F2941}"
EndProject
Global
	GlobalSection(SolutionConfigurationPlatforms) = preSolution
		Debug|Any CPU = Debug|Any CPU
		Release|Any CPU = Release|Any CPU
	EndGlobalSection
	GlobalSection(ProjectConfigurationPlatforms) = postSolution
		{FDA1753A-17A2-4CD0-9981-FDF05C2F2941}.Debug|Any CPU.ActiveCfg = Debug|Any CPU
		{FDA1753A-17A2-4CD0-9981-FDF05C2F2941}.Debug|Any CPU.Build.0 = Debug|Any CPU
		{FDA1753A-17A2-4CD0-9981-FDF05C2F2941}.Release|Any CPU.ActiveCfg = Release|Any CPU
		{FDA1753A-17A2-4CD0-9981-FDF05C2F2941}.Release|Any CPU.Build.0 = Release|Any CPU
	EndGlobalSection
	GlobalSection(SolutionProperties) = preSolution
		HideSolutionNode = FALSE
	EndGlobalSection
	GlobalSection(ExtensibilityGlobals) = postSolution
		SolutionGuid = {4BF986C3-EF64-4A30-9C76-58B5CCBC627D}
	EndGlobalSection
EndGlobal
