
Microsoft Visual Studio Solution File, Format Version 12.00
# Visual Studio 15
VisualStudioVersion = 15.0.26730.12
MinimumVisualStudioVersion = 10.0.40219.1
Project("{FAE04EC0-301F-11D3-BF4B-00C04F79EFBC}") = "CountLetters", "CountLetters\CountLetters.csproj", "{7E66A328-1D6F-4238-9B1C-6B79547308B1}"
EndProject
Project("{FAE04EC0-301F-11D3-BF4B-00C04F79EFBC}") = "CountLettersTest", "CountLettersTest\CountLettersTest.csproj", "{363C8166-DBE7-4F17-B450-70D86887D5F8}"
EndProject
Global
	GlobalSection(SolutionConfigurationPlatforms) = preSolution
		Debug|Any CPU = Debug|Any CPU
		Release|Any CPU = Release|Any CPU
	EndGlobalSection
	GlobalSection(ProjectConfigurationPlatforms) = postSolution
		{7E66A328-1D6F-4238-9B1C-6B79547308B1}.Debug|Any CPU.ActiveCfg = Debug|Any CPU
		{7E66A328-1D6F-4238-9B1C-6B79547308B1}.Debug|Any CPU.Build.0 = Debug|Any CPU
		{7E66A328-1D6F-4238-9B1C-6B79547308B1}.Release|Any CPU.ActiveCfg = Release|Any CPU
		{7E66A328-1D6F-4238-9B1C-6B79547308B1}.Release|Any CPU.Build.0 = Release|Any CPU
		{363C8166-DBE7-4F17-B450-70D86887D5F8}.Debug|Any CPU.ActiveCfg = Debug|Any CPU
		{363C8166-DBE7-4F17-B450-70D86887D5F8}.Debug|Any CPU.Build.0 = Debug|Any CPU
		{363C8166-DBE7-4F17-B450-70D86887D5F8}.Release|Any CPU.ActiveCfg = Release|Any CPU
		{363C8166-DBE7-4F17-B450-70D86887D5F8}.Release|Any CPU.Build.0 = Release|Any CPU
	EndGlobalSection
	GlobalSection(SolutionProperties) = preSolution
		HideSolutionNode = FALSE
	EndGlobalSection
	GlobalSection(ExtensibilityGlobals) = postSolution
		SolutionGuid = {967CEA4A-6CF4-441F-84E1-4C0B4766B20C}
	EndGlobalSection
EndGlobal
